Microsoft Visual Studio Solution File, Format Version 8.00
Project("{FAE04EC0-301F-11D3-BF4B-00C04F79EFBC}") = "Test", "Test.csproj", "{2190E48D-599E-4553-9285-985F1726EDA6}"
	ProjectSection(ProjectDependencies) = postProject
	EndProjectSection
EndProject
Global
	GlobalSection(SolutionConfiguration) = preSolution
		Debug = Debug
		Release = Release
	EndGlobalSection
	GlobalSection(ProjectConfiguration) = postSolution
		{2190E48D-599E-4553-9285-985F1726EDA6}.Debug.ActiveCfg = Debug|.NET
		{2190E48D-599E-4553-9285-985F1726EDA6}.Debug.Build.0 = Debug|.NET
		{2190E48D-599E-4553-9285-985F1726EDA6}.Release.ActiveCfg = Release|.NET
		{2190E48D-599E-4553-9285-985F1726EDA6}.Release.Build.0 = Release|.NET
	EndGlobalSection
	GlobalSection(ExtensibilityGlobals) = postSolution
	EndGlobalSection
	GlobalSection(ExtensibilityAddIns) = postSolution
	EndGlobalSection
EndGlobal
